
Microsoft Visual Studio Solution File, Format Version 12.00
# Visual Studio Version 17
VisualStudioVersion = 17.7.34202.233
MinimumVisualStudioVersion = 10.0.40219.1
Project("{9A19103F-16F7-4668-BE54-9A1E7A4F7556}") = "StockApi", "StockApi\StockApi.csproj", "{3BE6575D-2EA1-4A33-A834-77E4D6B02434}"
EndProject
Project("{2150E333-8FDC-42A3-9474-1A3956D46DE8}") = "_Framework", "_Framework", "{D552C70A-9FE4-450F-B6A2-6B9C17983CF9}"
EndProject
Project("{2150E333-8FDC-42A3-9474-1A3956D46DE8}") = "Core", "Core", "{EC44704A-4D96-4B35-8809-A3A70C70014A}"
EndProject
Project("{9A19103F-16F7-4668-BE54-9A1E7A4F7556}") = "Stock.Core", "Stock.Core\Stock.Core.csproj", "{BFD4D89F-1C1A-4917-82A0-2FA732FCED67}"
EndProject
Project("{9A19103F-16F7-4668-BE54-9A1E7A4F7556}") = "Stock.Dto", "Stock.Dto\Stock.Dto.csproj", "{22F3AE2D-B3F5-4ACD-8BCD-3950961570FA}"
EndProject
Project("{2150E333-8FDC-42A3-9474-1A3956D46DE8}") = "DataAccess", "DataAccess", "{965DA131-7BC3-4BA9-94A6-0A06B2AF9E11}"
EndProject
Project("{9A19103F-16F7-4668-BE54-9A1E7A4F7556}") = "Stock.DataAccess", "Stock.DataAccess\Stock.DataAccess.csproj", "{15272AF9-96FA-402C-97B8-57DCB7937D0C}"
EndProject
Project("{9A19103F-16F7-4668-BE54-9A1E7A4F7556}") = "Framework.Core", "Framework.Core\Framework.Core.csproj", "{71A3CA0D-84EE-45C9-8C8D-41D60E239FA8}"
EndProject
Project("{9A19103F-16F7-4668-BE54-9A1E7A4F7556}") = "Framework.Dto", "Framework.Dto\Framework.Dto.csproj", "{C7ACA6E5-5F4D-42C3-94AE-09569F61C636}"
EndProject
Project("{9A19103F-16F7-4668-BE54-9A1E7A4F7556}") = "Framework.RepositoryContract", "Framework.RepositoryContract\Framework.RepositoryContract.csproj", "{99D523A7-3DC6-4897-90D3-E119035E3330}"
EndProject
Project("{9A19103F-16F7-4668-BE54-9A1E7A4F7556}") = "Framework.Repository", "Framework.Repository\Framework.Repository.csproj", "{DE76F1BC-E17C-42D6-A029-366BE11E7239}"
EndProject
Project("{9A19103F-16F7-4668-BE54-9A1E7A4F7556}") = "Framework.Service", "Framework.Service\Framework.Service.csproj", "{7621AAE9-7D36-4A72-AA61-FD43B189EE9C}"
EndProject
Project("{9A19103F-16F7-4668-BE54-9A1E7A4F7556}") = "Framework.ServiceContract", "Framework.ServiceContract\Framework.ServiceContract.csproj", "{22750F80-F4C3-4932-85A4-606D500F6721}"
EndProject
Project("{9A19103F-16F7-4668-BE54-9A1E7A4F7556}") = "Stock.Database", "Stock.Database\Stock.Database.csproj", "{ABB2E3EB-2FC3-41F5-B002-3876DBF925E9}"
EndProject
Project("{FAE04EC0-301F-11D3-BF4B-00C04F79EFBC}") = "Stock.RepositoryContract", "Stock.RepositoryContract\Stock.RepositoryContract.csproj", "{56423CE3-CC14-41A1-B5E9-ECB27E2BE7D2}"
EndProject
Project("{FAE04EC0-301F-11D3-BF4B-00C04F79EFBC}") = "Stock.Repository", "Stock.Repository\Stock.Repository.csproj", "{F8AF74C2-EBB1-4BEB-9BC3-7D644F2CA0E5}"
EndProject
Project("{2150E333-8FDC-42A3-9474-1A3956D46DE8}") = "Services", "Services", "{85166074-51BB-49D4-878B-A05C326FFA79}"
EndProject
Project("{FAE04EC0-301F-11D3-BF4B-00C04F79EFBC}") = "Stock.ServiceContract", "Stock.ServiceContract\Stock.ServiceContract.csproj", "{2183258D-4867-4723-BC97-10E803822F11}"
EndProject
Project("{FAE04EC0-301F-11D3-BF4B-00C04F79EFBC}") = "Stock.Service", "Stock.Service\Stock.Service.csproj", "{02D25245-47F1-4D05-BC43-8E284062012B}"
EndProject
Project("{9A19103F-16F7-4668-BE54-9A1E7A4F7556}") = "Framework.Application", "Framework.Application\Framework.Application.csproj", "{5A0B4285-2A56-4863-B050-C56E3A30F9FE}"
EndProject
Global
	GlobalSection(SolutionConfigurationPlatforms) = preSolution
		Debug|Any CPU = Debug|Any CPU
		Release|Any CPU = Release|Any CPU
		Staging|Any CPU = Staging|Any CPU
	EndGlobalSection
	GlobalSection(ProjectConfigurationPlatforms) = postSolution
		{3BE6575D-2EA1-4A33-A834-77E4D6B02434}.Debug|Any CPU.ActiveCfg = Debug|Any CPU
		{3BE6575D-2EA1-4A33-A834-77E4D6B02434}.Debug|Any CPU.Build.0 = Debug|Any CPU
		{3BE6575D-2EA1-4A33-A834-77E4D6B02434}.Release|Any CPU.ActiveCfg = Release|Any CPU
		{3BE6575D-2EA1-4A33-A834-77E4D6B02434}.Release|Any CPU.Build.0 = Release|Any CPU
		{3BE6575D-2EA1-4A33-A834-77E4D6B02434}.Staging|Any CPU.ActiveCfg = Debug|Any CPU
		{3BE6575D-2EA1-4A33-A834-77E4D6B02434}.Staging|Any CPU.Build.0 = Debug|Any CPU
		{BFD4D89F-1C1A-4917-82A0-2FA732FCED67}.Debug|Any CPU.ActiveCfg = Debug|Any CPU
		{BFD4D89F-1C1A-4917-82A0-2FA732FCED67}.Debug|Any CPU.Build.0 = Debug|Any CPU
		{BFD4D89F-1C1A-4917-82A0-2FA732FCED67}.Release|Any CPU.ActiveCfg = Release|Any CPU
		{BFD4D89F-1C1A-4917-82A0-2FA732FCED67}.Release|Any CPU.Build.0 = Release|Any CPU
		{BFD4D89F-1C1A-4917-82A0-2FA732FCED67}.Staging|Any CPU.ActiveCfg = Debug|Any CPU
		{BFD4D89F-1C1A-4917-82A0-2FA732FCED67}.Staging|Any CPU.Build.0 = Debug|Any CPU
		{22F3AE2D-B3F5-4ACD-8BCD-3950961570FA}.Debug|Any CPU.ActiveCfg = Debug|Any CPU
		{22F3AE2D-B3F5-4ACD-8BCD-3950961570FA}.Debug|Any CPU.Build.0 = Debug|Any CPU
		{22F3AE2D-B3F5-4ACD-8BCD-3950961570FA}.Release|Any CPU.ActiveCfg = Release|Any CPU
		{22F3AE2D-B3F5-4ACD-8BCD-3950961570FA}.Release|Any CPU.Build.0 = Release|Any CPU
		{22F3AE2D-B3F5-4ACD-8BCD-3950961570FA}.Staging|Any CPU.ActiveCfg = Debug|Any CPU
		{22F3AE2D-B3F5-4ACD-8BCD-3950961570FA}.Staging|Any CPU.Build.0 = Debug|Any CPU
		{15272AF9-96FA-402C-97B8-57DCB7937D0C}.Debug|Any CPU.ActiveCfg = Debug|Any CPU
		{15272AF9-96FA-402C-97B8-57DCB7937D0C}.Debug|Any CPU.Build.0 = Debug|Any CPU
		{15272AF9-96FA-402C-97B8-57DCB7937D0C}.Release|Any CPU.ActiveCfg = Release|Any CPU
		{15272AF9-96FA-402C-97B8-57DCB7937D0C}.Release|Any CPU.Build.0 = Release|Any CPU
		{15272AF9-96FA-402C-97B8-57DCB7937D0C}.Staging|Any CPU.ActiveCfg = Debug|Any CPU
		{15272AF9-96FA-402C-97B8-57DCB7937D0C}.Staging|Any CPU.Build.0 = Debug|Any CPU
		{71A3CA0D-84EE-45C9-8C8D-41D60E239FA8}.Debug|Any CPU.ActiveCfg = Debug|Any CPU
		{71A3CA0D-84EE-45C9-8C8D-41D60E239FA8}.Debug|Any CPU.Build.0 = Debug|Any CPU
		{71A3CA0D-84EE-45C9-8C8D-41D60E239FA8}.Release|Any CPU.ActiveCfg = Release|Any CPU
		{71A3CA0D-84EE-45C9-8C8D-41D60E239FA8}.Release|Any CPU.Build.0 = Release|Any CPU
		{71A3CA0D-84EE-45C9-8C8D-41D60E239FA8}.Staging|Any CPU.ActiveCfg = Staging|Any CPU
		{71A3CA0D-84EE-45C9-8C8D-41D60E239FA8}.Staging|Any CPU.Build.0 = Staging|Any CPU
		{C7ACA6E5-5F4D-42C3-94AE-09569F61C636}.Debug|Any CPU.ActiveCfg = Debug|Any CPU
		{C7ACA6E5-5F4D-42C3-94AE-09569F61C636}.Debug|Any CPU.Build.0 = Debug|Any CPU
		{C7ACA6E5-5F4D-42C3-94AE-09569F61C636}.Release|Any CPU.ActiveCfg = Release|Any CPU
		{C7ACA6E5-5F4D-42C3-94AE-09569F61C636}.Release|Any CPU.Build.0 = Release|Any CPU
		{C7ACA6E5-5F4D-42C3-94AE-09569F61C636}.Staging|Any CPU.ActiveCfg = Staging|Any CPU
		{C7ACA6E5-5F4D-42C3-94AE-09569F61C636}.Staging|Any CPU.Build.0 = Staging|Any CPU
		{99D523A7-3DC6-4897-90D3-E119035E3330}.Debug|Any CPU.ActiveCfg = Debug|Any CPU
		{99D523A7-3DC6-4897-90D3-E119035E3330}.Debug|Any CPU.Build.0 = Debug|Any CPU
		{99D523A7-3DC6-4897-90D3-E119035E3330}.Release|Any CPU.ActiveCfg = Release|Any CPU
		{99D523A7-3DC6-4897-90D3-E119035E3330}.Release|Any CPU.Build.0 = Release|Any CPU
		{99D523A7-3DC6-4897-90D3-E119035E3330}.Staging|Any CPU.ActiveCfg = Staging|Any CPU
		{99D523A7-3DC6-4897-90D3-E119035E3330}.Staging|Any CPU.Build.0 = Staging|Any CPU
		{DE76F1BC-E17C-42D6-A029-366BE11E7239}.Debug|Any CPU.ActiveCfg = Debug|Any CPU
		{DE76F1BC-E17C-42D6-A029-366BE11E7239}.Debug|Any CPU.Build.0 = Debug|Any CPU
		{DE76F1BC-E17C-42D6-A029-366BE11E7239}.Release|Any CPU.ActiveCfg = Release|Any CPU
		{DE76F1BC-E17C-42D6-A029-366BE11E7239}.Release|Any CPU.Build.0 = Release|Any CPU
		{DE76F1BC-E17C-42D6-A029-366BE11E7239}.Staging|Any CPU.ActiveCfg = Staging|Any CPU
		{DE76F1BC-E17C-42D6-A029-366BE11E7239}.Staging|Any CPU.Build.0 = Staging|Any CPU
		{7621AAE9-7D36-4A72-AA61-FD43B189EE9C}.Debug|Any CPU.ActiveCfg = Debug|Any CPU
		{7621AAE9-7D36-4A72-AA61-FD43B189EE9C}.Debug|Any CPU.Build.0 = Debug|Any CPU
		{7621AAE9-7D36-4A72-AA61-FD43B189EE9C}.Release|Any CPU.ActiveCfg = Release|Any CPU
		{7621AAE9-7D36-4A72-AA61-FD43B189EE9C}.Release|Any CPU.Build.0 = Release|Any CPU
		{7621AAE9-7D36-4A72-AA61-FD43B189EE9C}.Staging|Any CPU.ActiveCfg = Debug|Any CPU
		{7621AAE9-7D36-4A72-AA61-FD43B189EE9C}.Staging|Any CPU.Build.0 = Debug|Any CPU
		{22750F80-F4C3-4932-85A4-606D500F6721}.Debug|Any CPU.ActiveCfg = Debug|Any CPU
		{22750F80-F4C3-4932-85A4-606D500F6721}.Debug|Any CPU.Build.0 = Debug|Any CPU
		{22750F80-F4C3-4932-85A4-606D500F6721}.Release|Any CPU.ActiveCfg = Release|Any CPU
		{22750F80-F4C3-4932-85A4-606D500F6721}.Release|Any CPU.Build.0 = Release|Any CPU
		{22750F80-F4C3-4932-85A4-606D500F6721}.Staging|Any CPU.ActiveCfg = Staging|Any CPU
		{22750F80-F4C3-4932-85A4-606D500F6721}.Staging|Any CPU.Build.0 = Staging|Any CPU
		{ABB2E3EB-2FC3-41F5-B002-3876DBF925E9}.Debug|Any CPU.ActiveCfg = Debug|Any CPU
		{ABB2E3EB-2FC3-41F5-B002-3876DBF925E9}.Debug|Any CPU.Build.0 = Debug|Any CPU
		{ABB2E3EB-2FC3-41F5-B002-3876DBF925E9}.Release|Any CPU.ActiveCfg = Release|Any CPU
		{ABB2E3EB-2FC3-41F5-B002-3876DBF925E9}.Release|Any CPU.Build.0 = Release|Any CPU
		{ABB2E3EB-2FC3-41F5-B002-3876DBF925E9}.Staging|Any CPU.ActiveCfg = Debug|Any CPU
		{ABB2E3EB-2FC3-41F5-B002-3876DBF925E9}.Staging|Any CPU.Build.0 = Debug|Any CPU
		{56423CE3-CC14-41A1-B5E9-ECB27E2BE7D2}.Debug|Any CPU.ActiveCfg = Debug|Any CPU
		{56423CE3-CC14-41A1-B5E9-ECB27E2BE7D2}.Debug|Any CPU.Build.0 = Debug|Any CPU
		{56423CE3-CC14-41A1-B5E9-ECB27E2BE7D2}.Release|Any CPU.ActiveCfg = Release|Any CPU
		{56423CE3-CC14-41A1-B5E9-ECB27E2BE7D2}.Release|Any CPU.Build.0 = Release|Any CPU
		{56423CE3-CC14-41A1-B5E9-ECB27E2BE7D2}.Staging|Any CPU.ActiveCfg = Debug|Any CPU
		{56423CE3-CC14-41A1-B5E9-ECB27E2BE7D2}.Staging|Any CPU.Build.0 = Debug|Any CPU
		{F8AF74C2-EBB1-4BEB-9BC3-7D644F2CA0E5}.Debug|Any CPU.ActiveCfg = Debug|Any CPU
		{F8AF74C2-EBB1-4BEB-9BC3-7D644F2CA0E5}.Debug|Any CPU.Build.0 = Debug|Any CPU
		{F8AF74C2-EBB1-4BEB-9BC3-7D644F2CA0E5}.Release|Any CPU.ActiveCfg = Release|Any CPU
		{F8AF74C2-EBB1-4BEB-9BC3-7D644F2CA0E5}.Release|Any CPU.Build.0 = Release|Any CPU
		{F8AF74C2-EBB1-4BEB-9BC3-7D644F2CA0E5}.Staging|Any CPU.ActiveCfg = Debug|Any CPU
		{F8AF74C2-EBB1-4BEB-9BC3-7D644F2CA0E5}.Staging|Any CPU.Build.0 = Debug|Any CPU
		{2183258D-4867-4723-BC97-10E803822F11}.Debug|Any CPU.ActiveCfg = Debug|Any CPU
		{2183258D-4867-4723-BC97-10E803822F11}.Debug|Any CPU.Build.0 = Debug|Any CPU
		{2183258D-4867-4723-BC97-10E803822F11}.Release|Any CPU.ActiveCfg = Release|Any CPU
		{2183258D-4867-4723-BC97-10E803822F11}.Release|Any CPU.Build.0 = Release|Any CPU
		{2183258D-4867-4723-BC97-10E803822F11}.Staging|Any CPU.ActiveCfg = Debug|Any CPU
		{2183258D-4867-4723-BC97-10E803822F11}.Staging|Any CPU.Build.0 = Debug|Any CPU
		{02D25245-47F1-4D05-BC43-8E284062012B}.Debug|Any CPU.ActiveCfg = Debug|Any CPU
		{02D25245-47F1-4D05-BC43-8E284062012B}.Debug|Any CPU.Build.0 = Debug|Any CPU
		{02D25245-47F1-4D05-BC43-8E284062012B}.Release|Any CPU.ActiveCfg = Release|Any CPU
		{02D25245-47F1-4D05-BC43-8E284062012B}.Release|Any CPU.Build.0 = Release|Any CPU
		{02D25245-47F1-4D05-BC43-8E284062012B}.Staging|Any CPU.ActiveCfg = Debug|Any CPU
		{02D25245-47F1-4D05-BC43-8E284062012B}.Staging|Any CPU.Build.0 = Debug|Any CPU
		{5A0B4285-2A56-4863-B050-C56E3A30F9FE}.Debug|Any CPU.ActiveCfg = Debug|Any CPU
		{5A0B4285-2A56-4863-B050-C56E3A30F9FE}.Debug|Any CPU.Build.0 = Debug|Any CPU
		{5A0B4285-2A56-4863-B050-C56E3A30F9FE}.Release|Any CPU.ActiveCfg = Release|Any CPU
		{5A0B4285-2A56-4863-B050-C56E3A30F9FE}.Release|Any CPU.Build.0 = Release|Any CPU
		{5A0B4285-2A56-4863-B050-C56E3A30F9FE}.Staging|Any CPU.ActiveCfg = Staging|Any CPU
		{5A0B4285-2A56-4863-B050-C56E3A30F9FE}.Staging|Any CPU.Build.0 = Staging|Any CPU
	EndGlobalSection
	GlobalSection(SolutionProperties) = preSolution
		HideSolutionNode = FALSE
	EndGlobalSection
	GlobalSection(NestedProjects) = preSolution
		{BFD4D89F-1C1A-4917-82A0-2FA732FCED67} = {EC44704A-4D96-4B35-8809-A3A70C70014A}
		{22F3AE2D-B3F5-4ACD-8BCD-3950961570FA} = {EC44704A-4D96-4B35-8809-A3A70C70014A}
		{15272AF9-96FA-402C-97B8-57DCB7937D0C} = {965DA131-7BC3-4BA9-94A6-0A06B2AF9E11}
		{71A3CA0D-84EE-45C9-8C8D-41D60E239FA8} = {D552C70A-9FE4-450F-B6A2-6B9C17983CF9}
		{C7ACA6E5-5F4D-42C3-94AE-09569F61C636} = {D552C70A-9FE4-450F-B6A2-6B9C17983CF9}
		{99D523A7-3DC6-4897-90D3-E119035E3330} = {D552C70A-9FE4-450F-B6A2-6B9C17983CF9}
		{DE76F1BC-E17C-42D6-A029-366BE11E7239} = {D552C70A-9FE4-450F-B6A2-6B9C17983CF9}
		{7621AAE9-7D36-4A72-AA61-FD43B189EE9C} = {D552C70A-9FE4-450F-B6A2-6B9C17983CF9}
		{22750F80-F4C3-4932-85A4-606D500F6721} = {D552C70A-9FE4-450F-B6A2-6B9C17983CF9}
		{ABB2E3EB-2FC3-41F5-B002-3876DBF925E9} = {965DA131-7BC3-4BA9-94A6-0A06B2AF9E11}
		{56423CE3-CC14-41A1-B5E9-ECB27E2BE7D2} = {965DA131-7BC3-4BA9-94A6-0A06B2AF9E11}
		{F8AF74C2-EBB1-4BEB-9BC3-7D644F2CA0E5} = {965DA131-7BC3-4BA9-94A6-0A06B2AF9E11}
		{2183258D-4867-4723-BC97-10E803822F11} = {85166074-51BB-49D4-878B-A05C326FFA79}
		{02D25245-47F1-4D05-BC43-8E284062012B} = {85166074-51BB-49D4-878B-A05C326FFA79}
		{5A0B4285-2A56-4863-B050-C56E3A30F9FE} = {D552C70A-9FE4-450F-B6A2-6B9C17983CF9}
	EndGlobalSection
	GlobalSection(ExtensibilityGlobals) = postSolution
		SolutionGuid = {C10C1381-AD59-491B-AC58-0D21D287119B}
	EndGlobalSection
EndGlobal
